// !$*UTF8*$!
{
	archiveVersion = 1;
	classes = {
	};
	objectVersion = 50;
	objects = {

/* Begin PBXBuildFile section */
		356C45F2216ADB160043924E /* 2_Add_Two_Numbers.cpp in Sources */ = {isa = PBXBuildFile; fileRef = 356C45F1216ADB160043924E /* 2_Add_Two_Numbers.cpp */; };
		356C45F5216ADB290043924E /* test.cpp in Sources */ = {isa = PBXBuildFile; fileRef = 356C45F4216ADB290043924E /* test.cpp */; };
		359AFEB72126C0EF009FC9F8 /* main.cpp in Sources */ = {isa = PBXBuildFile; fileRef = 359AFEB62126C0EF009FC9F8 /* main.cpp */; };
/* End PBXBuildFile section */

/* Begin PBXCopyFilesBuildPhase section */
		359AFEB12126C0EF009FC9F8 /* CopyFiles */ = {
			isa = PBXCopyFilesBuildPhase;
			buildActionMask = 2147483647;
			dstPath = /usr/share/man/man1/;
			dstSubfolderSpec = 0;
			files = (
			);
			runOnlyForDeploymentPostprocessing = 1;
		};
/* End PBXCopyFilesBuildPhase section */

/* Begin PBXFileReference section */
		356C45F1216ADB160043924E /* 2_Add_Two_Numbers.cpp */ = {isa = PBXFileReference; fileEncoding = 4; lastKnownFileType = sourcecode.cpp.cpp; path = 2_Add_Two_Numbers.cpp; sourceTree = "<group>"; };
		356C45F3216ADB220043924E /* 2_Add_Two_Numbers.hpp */ = {isa = PBXFileReference; lastKnownFileType = sourcecode.cpp.h; path = 2_Add_Two_Numbers.hpp; sourceTree = "<group>"; };
		356C45F4216ADB290043924E /* test.cpp */ = {isa = PBXFileReference; fileEncoding = 4; lastKnownFileType = sourcecode.cpp.cpp; path = test.cpp; sourceTree = "<group>"; };
		356C45F6216ADB300043924E /* test.hpp */ = {isa = PBXFileReference; lastKnownFileType = sourcecode.cpp.h; path = test.hpp; sourceTree = "<group>"; };
		359AFEB32126C0EF009FC9F8 /* LeetcodeInXcode */ = {isa = PBXFileReference; explicitFileType = "compiled.mach-o.executable"; includeInIndex = 0; path = LeetcodeInXcode; sourceTree = BUILT_PRODUCTS_DIR; };
		359AFEB62126C0EF009FC9F8 /* main.cpp */ = {isa = PBXFileReference; lastKnownFileType = sourcecode.cpp.cpp; path = main.cpp; sourceTree = "<group>"; };
/* End PBXFileReference section */

/* Begin PBXFrameworksBuildPhase section */
		359AFEB02126C0EF009FC9F8 /* Frameworks */ = {
			isa = PBXFrameworksBuildPhase;
			buildActionMask = 2147483647;
			files = (
			);
			runOnlyForDeploymentPostprocessing = 0;
		};
/* End PBXFrameworksBuildPhase section */

/* Begin PBXGroup section */
		359AFEAA2126C0EF009FC9F8 = {
			isa = PBXGroup;
			children = (
				359AFEB52126C0EF009FC9F8 /* LeetcodeInXcode */,
				359AFEB42126C0EF009FC9F8 /* Products */,
			);
			sourceTree = "<group>";
		};
		359AFEB42126C0EF009FC9F8 /* Products */ = {
			isa = PBXGroup;
			children = (
				359AFEB32126C0EF009FC9F8 /* LeetcodeInXcode */,
			);
			name = Products;
			sourceTree = "<group>";
		};
		359AFEB52126C0EF009FC9F8 /* LeetcodeInXcode */ = {
			isa = PBXGroup;
			children = (
				356C45F1216ADB160043924E /* 2_Add_Two_Numbers.cpp */,
				356C45F3216ADB220043924E /* 2_Add_Two_Numbers.hpp */,
				356C45F4216ADB290043924E /* test.cpp */,
				356C45F6216ADB300043924E /* test.hpp */,
				359AFEB62126C0EF009FC9F8 /* main.cpp */,
			);
			path = LeetcodeInXcode;
			sourceTree = "<group>";
		};
/* End PBXGroup section */

/* Begin PBXNativeTarget section */
		359AFEB22126C0EF009FC9F8 /* LeetcodeInXcode */ = {
			isa = PBXNativeTarget;
			buildConfigurationList = 359AFEBA2126C0EF009FC9F8 /* Build configuration list for PBXNativeTarget "LeetcodeInXcode" */;
			buildPhases = (
				359AFEAF2126C0EF009FC9F8 /* Sources */,
				359AFEB02126C0EF009FC9F8 /* Frameworks */,
				359AFEB12126C0EF009FC9F8 /* CopyFiles */,
			);
			buildRules = (
			);
			dependencies = (
			);
			name = LeetcodeInXcode;
			productName = LeetcodeInXcode;
			productReference = 359AFEB32126C0EF009FC9F8 /* LeetcodeInXcode */;
			productType = "com.apple.product-type.tool";
		};
/* End PBXNativeTarget section */

/* Begin PBXProject section */
		359AFEAB2126C0EF009FC9F8 /* Project object */ = {
			isa = PBXProject;
			attributes = {
				LastUpgradeCheck = 0940;
				ORGANIZATIONNAME = "bedding early";
				TargetAttributes = {
					359AFEB22126C0EF009FC9F8 = {
						CreatedOnToolsVersion = 9.4.1;
					};
				};
			};
			buildConfigurationList = 359AFEAE2126C0EF009FC9F8 /* Build configuration list for PBXProject "LeetcodeInXcode" */;
			compatibilityVersion = "Xcode 9.3";
			developmentRegion = en;
			hasScannedForEncodings = 0;
			knownRegions = (
				en,
			);
			mainGroup = 359AFEAA2126C0EF009FC9F8;
			productRefGroup = 359AFEB42126C0EF009FC9F8 /* Products */;
			projectDirPath = "";
			projectRoot = "";
			targets = (
				359AFEB22126C0EF009FC9F8 /* LeetcodeInXcode */,
			);
		};
/* End PBXProject section */

/* Begin PBXSourcesBuildPhase section */
		359AFEAF2126C0EF009FC9F8 /* Sources */ = {
			isa = PBXSourcesBuildPhase;
			buildActionMask = 2147483647;
			files = (
				356C45F2216ADB160043924E /* 2_Add_Two_Numbers.cpp in Sources */,
				359AFEB72126C0EF009FC9F8 /* main.cpp in Sources */,
				356C45F5216ADB290043924E /* test.cpp in Sources */,
			);
			runOnlyForDeploymentPostprocessing = 0;
		};
/* End PBXSourcesBuildPhase section */

/* Begin XCBuildConfiguration section */
		359AFEB82126C0EF009FC9F8 /* Debug */ = {
			isa = XCBuildConfiguration;
			buildSettings = {
				ALWAYS_SEARCH_USER_PATHS = NO;
				CLANG_ANALYZER_NONNULL = YES;
				CLANG_ANALYZER_NUMBER_OBJECT_CONVERSION = YES_AGGRESSIVE;
				CLANG_CXX_LANGUAGE_STANDARD = "gnu++14";
				CLANG_CXX_LIBRARY = "libc++";
				CLANG_ENABLE_MODULES = YES;
				CLANG_ENABLE_OBJC_ARC = YES;
				CLANG_ENABLE_OBJC_WEAK = YES;
				CLANG_WARN_BLOCK_CAPTURE_AUTORELEASING = YES;
				CLANG_WARN_BOOL_CONVERSION = YES;
				CLANG_WARN_COMMA = YES;
				CLANG_WARN_CONSTANT_CONVERSION = YES;
				CLANG_WARN_DEPRECATED_OBJC_IMPLEMENTATIONS = YES;
				CLANG_WARN_DIRECT_OBJC_ISA_USAGE = YES_ERROR;
				CLANG_WARN_DOCUMENTATION_COMMENTS = YES;
				CLANG_WARN_EMPTY_BODY = YES;
				CLANG_WARN_ENUM_CONVERSION = YES;
				CLANG_WARN_INFINITE_RECURSION = YES;
				CLANG_WARN_INT_CONVERSION = YES;
				CLANG_WARN_NON_LITERAL_NULL_CONVERSION = YES;
				CLANG_WARN_OBJC_IMPLICIT_RETAIN_SELF = YES;
				CLANG_WARN_OBJC_LITERAL_CONVERSION = YES;
				CLANG_WARN_OBJC_ROOT_CLASS = YES_ERROR;
				CLANG_WARN_RANGE_LOOP_ANALYSIS = YES;
				CLANG_WARN_STRICT_PROTOTYPES = YES;
				CLANG_WARN_SUSPICIOUS_MOVE = YES;
				CLANG_WARN_UNGUARDED_AVAILABILITY = YES_AGGRESSIVE;
				CLANG_WARN_UNREACHABLE_CODE = YES;
				CLANG_WARN__DUPLICATE_METHOD_MATCH = YES;
				CODE_SIGN_IDENTITY = "Mac Developer";
				COPY_PHASE_STRIP = NO;
				DEBUG_INFORMATION_FORMAT = dwarf;
				ENABLE_STRICT_OBJC_MSGSEND = YES;
				ENABLE_TESTABILITY = YES;
				GCC_C_LANGUAGE_STANDARD = gnu11;
				GCC_DYNAMIC_NO_PIC = NO;
				GCC_NO_COMMON_BLOCKS = YES;
				GCC_OPTIMIZATION_LEVEL = 0;
				GCC_PREPROCESSOR_DEFINITIONS = (
					"DEBUG=1",
					"$(inherited)",
				);
				GCC_WARN_64_TO_32_BIT_CONVERSION = YES;
				GCC_WARN_ABOUT_RETURN_TYPE = YES_ERROR;
				GCC_WARN_UNDECLARED_SELECTOR = YES;
				GCC_WARN_UNINITIALIZED_AUTOS = YES_AGGRESSIVE;
				GCC_WARN_UNUSED_FUNCTION = YES;
				GCC_WARN_UNUSED_VARIABLE = YES;
				MACOSX_DEPLOYMENT_TARGET = 10.13;
				MTL_ENABLE_DEBUG_INFO = YES;
				ONLY_ACTIVE_ARCH = YES;
				SDKROOT = macosx;
			};
			name = Debug;
		};
		359AFEB92126C0EF009FC9F8 /* Release */ = {
			isa = XCBuildConfiguration;
			buildSettings = {
				ALWAYS_SEARCH_USER_PATHS = NO;
				CLANG_ANALYZER_NONNULL = YES;
				CLANG_ANALYZER_NUMBER_OBJECT_CONVERSION = YES_AGGRESSIVE;
				CLANG_CXX_LANGUAGE_STANDARD = "gnu++14";
				CLANG_CXX_LIBRARY = "libc++";
				CLANG_ENABLE_MODULES = YES;
				CLANG_ENABLE_OBJC_ARC = YES;
				CLANG_ENABLE_OBJC_WEAK = YES;
				CLANG_WARN_BLOCK_CAPTURE_AUTORELEASING = YES;
				CLANG_WARN_BOOL_CONVERSION = YES;
				CLANG_WARN_COMMA = YES;
				CLANG_WARN_CONSTANT_CONVERSION = YES;
				CLANG_WARN_DEPRECATED_OBJC_IMPLEMENTATIONS = YES;
				CLANG_WARN_DIRECT_OBJC_ISA_USAGE = YES_ERROR;
				CLANG_WARN_DOCUMENTATION_COMMENTS = YES;
				CLANG_WARN_EMPTY_BODY = YES;
				CLANG_WARN_ENUM_CONVERSION = YES;
				CLANG_WARN_INFINITE_RECURSION = YES;
				CLANG_WARN_INT_CONVERSION = YES;
				CLANG_WARN_NON_LITERAL_NULL_CONVERSION = YES;
				CLANG_WARN_OBJC_IMPLICIT_RETAIN_SELF = YES;
				CLANG_WARN_OBJC_LITERAL_CONVERSION = YES;
				CLANG_WARN_OBJC_ROOT_CLASS = YES_ERROR;
				CLANG_WARN_RANGE_LOOP_ANALYSIS = YES;
				CLANG_WARN_STRICT_PROTOTYPES = YES;
				CLANG_WARN_SUSPICIOUS_MOVE = YES;
				CLANG_WARN_UNGUARDED_AVAILABILITY = YES_AGGRESSIVE;
				CLANG_WARN_UNREACHABLE_CODE = YES;
				CLANG_WARN__DUPLICATE_METHOD_MATCH = YES;
				CODE_SIGN_IDENTITY = "Mac Developer";
				COPY_PHASE_STRIP = NO;
				DEBUG_INFORMATION_FORMAT = "dwarf-with-dsym";
				ENABLE_NS_ASSERTIONS = NO;
				ENABLE_STRICT_OBJC_MSGSEND = YES;
				GCC_C_LANGUAGE_STANDARD = gnu11;
				GCC_NO_COMMON_BLOCKS = YES;
				GCC_WARN_64_TO_32_BIT_CONVERSION = YES;
				GCC_WARN_ABOUT_RETURN_TYPE = YES_ERROR;
				GCC_WARN_UNDECLARED_SELECTOR = YES;
				GCC_WARN_UNINITIALIZED_AUTOS = YES_AGGRESSIVE;
				GCC_WARN_UNUSED_FUNCTION = YES;
				GCC_WARN_UNUSED_VARIABLE = YES;
				MACOSX_DEPLOYMENT_TARGET = 10.13;
				MTL_ENABLE_DEBUG_INFO = NO;
				SDKROOT = macosx;
			};
			name = Release;
		};
		359AFEBB2126C0EF009FC9F8 /* Debug */ = {
			isa = XCBuildConfiguration;
			buildSettings = {
				CODE_SIGN_STYLE = Automatic;
				DEVELOPMENT_TEAM = XU2PP4NF57;
				PRODUCT_NAME = "$(TARGET_NAME)";
			};
			name = Debug;
		};
		359AFEBC2126C0EF009FC9F8 /* Release */ = {
			isa = XCBuildConfiguration;
			buildSettings = {
				CODE_SIGN_STYLE = Automatic;
				DEVELOPMENT_TEAM = XU2PP4NF57;
				PRODUCT_NAME = "$(TARGET_NAME)";
			};
			name = Release;
		};
/* End XCBuildConfiguration section */

/* Begin XCConfigurationList section */
		359AFEAE2126C0EF009FC9F8 /* Build configuration list for PBXProject "LeetcodeInXcode" */ = {
			isa = XCConfigurationList;
			buildConfigurations = (
				359AFEB82126C0EF009FC9F8 /* Debug */,
				359AFEB92126C0EF009FC9F8 /* Release */,
			);
			defaultConfigurationIsVisible = 0;
			defaultConfigurationName = Release;
		};
		359AFEBA2126C0EF009FC9F8 /* Build configuration list for PBXNativeTarget "LeetcodeInXcode" */ = {
			isa = XCConfigurationList;
			buildConfigurations = (
				359AFEBB2126C0EF009FC9F8 /* Debug */,
				359AFEBC2126C0EF009FC9F8 /* Release */,
			);
			defaultConfigurationIsVisible = 0;
			defaultConfigurationName = Release;
		};
/* End XCConfigurationList section */
	};
	rootObject = 359AFEAB2126C0EF009FC9F8 /* Project object */;
}
